
Microsoft Visual Studio Solution File, Format Version 12.00
# Visual Studio Version 17
VisualStudioVersion = 17.4.33213.308
MinimumVisualStudioVersion = 10.0.40219.1
Project("{FAE04EC0-301F-11D3-BF4B-00C04F79EFBC}") = "homeProject1", "homeProject1\homeProject1.csproj", "{EB021D46-4196-4FED-BF19-8EE14360FC74}"
EndProject
Global
	GlobalSection(SolutionConfigurationPlatforms) = preSolution
		Debug|Any CPU = Debug|Any CPU
		Release|Any CPU = Release|Any CPU
	EndGlobalSection
	GlobalSection(ProjectConfigurationPlatforms) = postSolution
		{EB021D46-4196-4FED-BF19-8EE14360FC74}.Debug|Any CPU.ActiveCfg = Debug|Any CPU
		{EB021D46-4196-4FED-BF19-8EE14360FC74}.Debug|Any CPU.Build.0 = Debug|Any CPU
		{EB021D46-4196-4FED-BF19-8EE14360FC74}.Release|Any CPU.ActiveCfg = Release|Any CPU
		{EB021D46-4196-4FED-BF19-8EE14360FC74}.Release|Any CPU.Build.0 = Release|Any CPU
	EndGlobalSection
	GlobalSection(SolutionProperties) = preSolution
		HideSolutionNode = FALSE
	EndGlobalSection
	GlobalSection(ExtensibilityGlobals) = postSolution
		SolutionGuid = {847A0000-0CB4-4873-9B62-D4BD072ED9F0}
	EndGlobalSection
EndGlobal
